
Microsoft Visual Studio Solution File, Format Version 12.00
# Visual Studio Version 17
VisualStudioVersion = 17.2.32505.173
MinimumVisualStudioVersion = 10.0.40219.1
Project("{8BC9CEB8-8B4A-11D0-8D11-00A0C91BC942}") = "SPI-Sim", "SPI-Sim\SPI-Sim.vcxproj", "{8AF2E612-4FCA-4C4C-A6A3-F98034F6D499}"
	ProjectSection(ProjectDependencies) = postProject
		{3B95ECF3-C157-4489-901E-5E715D937D5D} = {3B95ECF3-C157-4489-901E-5E715D937D5D}
	EndProjectSection
EndProject
Project("{8BC9CEB8-8B4A-11D0-8D11-00A0C91BC942}") = "SPI-Sim-A", "SPI-Sim-A\SPI-Sim-A.vcxproj", "{3B95ECF3-C157-4489-901E-5E715D937D5D}"
EndProject
Global
	GlobalSection(SolutionConfigurationPlatforms) = preSolution
		Debug|x64 = Debug|x64
		Debug|x86 = Debug|x86
		Release_Static|x64 = Release_Static|x64
		Release_Static|x86 = Release_Static|x86
		Release|x64 = Release|x64
		Release|x86 = Release|x86
	EndGlobalSection
	GlobalSection(ProjectConfigurationPlatforms) = postSolution
		{8AF2E612-4FCA-4C4C-A6A3-F98034F6D499}.Debug|x64.ActiveCfg = Debug|x64
		{8AF2E612-4FCA-4C4C-A6A3-F98034F6D499}.Debug|x64.Build.0 = Debug|x64
		{8AF2E612-4FCA-4C4C-A6A3-F98034F6D499}.Debug|x86.ActiveCfg = Debug|Win32
		{8AF2E612-4FCA-4C4C-A6A3-F98034F6D499}.Debug|x86.Build.0 = Debug|Win32
		{8AF2E612-4FCA-4C4C-A6A3-F98034F6D499}.Release_Static|x64.ActiveCfg = Release_Static|x64
		{8AF2E612-4FCA-4C4C-A6A3-F98034F6D499}.Release_Static|x64.Build.0 = Release_Static|x64
		{8AF2E612-4FCA-4C4C-A6A3-F98034F6D499}.Release_Static|x86.ActiveCfg = Release_Static|Win32
		{8AF2E612-4FCA-4C4C-A6A3-F98034F6D499}.Release_Static|x86.Build.0 = Release_Static|Win32
		{8AF2E612-4FCA-4C4C-A6A3-F98034F6D499}.Release|x64.ActiveCfg = Release|x64
		{8AF2E612-4FCA-4C4C-A6A3-F98034F6D499}.Release|x64.Build.0 = Release|x64
		{8AF2E612-4FCA-4C4C-A6A3-F98034F6D499}.Release|x86.ActiveCfg = Release|Win32
		{8AF2E612-4FCA-4C4C-A6A3-F98034F6D499}.Release|x86.Build.0 = Release|Win32
		{3B95ECF3-C157-4489-901E-5E715D937D5D}.Debug|x64.ActiveCfg = Debug|x64
		{3B95ECF3-C157-4489-901E-5E715D937D5D}.Debug|x64.Build.0 = Debug|x64
		{3B95ECF3-C157-4489-901E-5E715D937D5D}.Debug|x86.ActiveCfg = Debug|Win32
		{3B95ECF3-C157-4489-901E-5E715D937D5D}.Debug|x86.Build.0 = Debug|Win32
		{3B95ECF3-C157-4489-901E-5E715D937D5D}.Release_Static|x64.ActiveCfg = Release_Static|x64
		{3B95ECF3-C157-4489-901E-5E715D937D5D}.Release_Static|x64.Build.0 = Release_Static|x64
		{3B95ECF3-C157-4489-901E-5E715D937D5D}.Release_Static|x86.ActiveCfg = Release_Static|Win32
		{3B95ECF3-C157-4489-901E-5E715D937D5D}.Release_Static|x86.Build.0 = Release_Static|Win32
		{3B95ECF3-C157-4489-901E-5E715D937D5D}.Release|x64.ActiveCfg = Release|x64
		{3B95ECF3-C157-4489-901E-5E715D937D5D}.Release|x64.Build.0 = Release|x64
		{3B95ECF3-C157-4489-901E-5E715D937D5D}.Release|x86.ActiveCfg = Release|Win32
		{3B95ECF3-C157-4489-901E-5E715D937D5D}.Release|x86.Build.0 = Release|Win32
	EndGlobalSection
	GlobalSection(SolutionProperties) = preSolution
		HideSolutionNode = FALSE
	EndGlobalSection
	GlobalSection(ExtensibilityGlobals) = postSolution
		SolutionGuid = {5B71F7D2-4E96-4BB0-91DB-5C25835F0DD6}
	EndGlobalSection
EndGlobal
